<?xml version="1.0" encoding="utf-8"?>
<Project ToolsVersion="18.0" xmlns="http://schemas.microsoft.com/developer/msbuild/2003">
  <ItemGroup>
    <CustomBuild Include="E:\PYTHON\qlens\src\quickview\CMakeFiles\b0f7145887c53da1b675154616128899\generate.stamp.rule">
      <Filter>CMake Rules</Filter>
    </CustomBuild>
  </ItemGroup>
  <ItemGroup>
    <Filter Include="CMake Rules">
      <UniqueIdentifier>{6CB93FF6-BAE6-36AF-B210-387D52ACFDB1}</UniqueIdentifier>
    </Filter>
  </ItemGroup>
</Project>
